hash: a7a7416f13d7de4b6e39b3c0b43cf45b57a9bfcfd2f24d23b5a50a44f48a5964
updated: 2017-06-07T20:01:09.230111248+02:00
imports:
- name: github.com/fsouza/go-dockerclient
  version: c933ed18bef34ec2955de03de8ef9a3bb996e3df
- name: github.com/kelseyhightower/envconfig
  version: f611eb38b3875cc3bd991ca91c51d06446afa14c
- name: github.com/moul/http2curl
  version: 4e24498b31dba4683efb9d35c1c8a91e2eda28c8
- name: github.com/parnurzeal/gorequest
  version: a578a48e8d6ca8b01a3b18314c43c6716bb5f5a3
- name: github.com/pkg/errors
  version: c605e284fe17294bda444b34710735b29d1a9d90
- name: github.com/sirupsen/logrus
  version: ba1b36c82c5e05c4f912a88eab0dcd91a171688f
- name: golang.org/x/net
  version: 59a0b19b5533c7977ddeb86b017bf507ed407b12
  subpackages:
  - publicsuffix
  - websocket
- name: golang.org/x/sys
  version: b90f89a1e7a9c1f6b918820b3daa7f08488c8594
  subpackages:
  - unix
testImports: []
